{
    "_readme": [
        "This file locks the dependencies of your project to a known state",
        "Read more about it at https://getcomposer.org/doc/01-basic-usage.md#installing-dependencies",
        "This file is @generated automatically"
    ],
    "content-hash": "c9bb42bde66370cf8b619d0de4ad7cb0",
    "packages": [
        {
            "name": "brooksyang/bech32m",
            "version": "v1.0.1",
            "source": {
                "type": "git",
                "url": "https://github.com/BrooksYang/bech32m.git",
                "reference": "3ae7faf8d7ea55ba3f9c86689da4a3714c287dea"
            },
            "dist": {
                "type": "zip",
                "url": "https://api.github.com/repos/BrooksYang/bech32m/zipball/3ae7faf8d7ea55ba3f9c86689da4a3714c287dea",
                "reference": "3ae7faf8d7ea55ba3f9c86689da4a3714c287dea",
                "shasum": ""
            },
            "type": "library",
            "autoload": {
                "psr-4": {
                    "BrooksYang\\Bech32m\\": "src/"
                },
                "files": [
                    "src/bech32m.php",
                    "src/Exception/Bech32mException.php"
                ]
            },
            "notification-url": "https://packagist.org/downloads/",
            "license": [
                "MIT"
            ],
            "authors": [
                {
                    "name": "Brooks Yang",
                    "homepage": "https://github.com/BrooksYang",
                    "role": "Author"
                }
            ],
            "description": "Pure (no dependencies) implementation of bech32m in php",
            "homepage": "https://github.com/BrooksYang/bech32m",
            "keywords": [
                "bech32m",
                "bech32m-php"
            ],
            "support": {
                "issues": "https://github.com/BrooksYang/bech32m/issues",
                "source": "https://github.com/BrooksYang/bech32m/tree/v1.0.1"
            },
            "time": "2021-06-07T03:24:58+00:00"
        },
        {
            "name": "brooksyang/chia-utils",
            "version": "v1.0.1",
            "source": {
                "type": "git",
                "url": "https://github.com/BrooksYang/chia-utils.git",
                "reference": "faa64879e8ee61dd78a84d4fb9460da1924558f6"
            },
            "dist": {
                "type": "zip",
                "url": "https://api.github.com/repos/BrooksYang/chia-utils/zipball/faa64879e8ee61dd78a84d4fb9460da1924558f6",
                "reference": "faa64879e8ee61dd78a84d4fb9460da1924558f6",
                "shasum": ""
            },
            "require": {
                "brooksyang/bech32m": "^1.0"
            },
            "type": "library",
            "autoload": {
                "psr-4": {
                    "BrooksYang\\ChiaUtils\\": "src/"
                }
            },
            "notification-url": "https://packagist.org/downloads/",
            "license": [
                "MIT"
            ],
            "authors": [
                {
                    "name": "Brooks Yang",
                    "homepage": "https://github.com/BrooksYang",
                    "role": "Author"
                }
            ],
            "description": "Chia(XCH) Utils",
            "homepage": "https://github.com/BrooksYang/chia-utils",
            "keywords": [
                "brooksyang",
                "chia",
                "chia-address",
                "chia-api",
                "chia-coin",
                "chia-php",
                "chia-puzzle-hash",
                "chia-utils"
            ],
            "support": {
                "issues": "https://github.com/BrooksYang/chia-utils/issues",
                "source": "https://github.com/BrooksYang/chia-utils/tree/v1.0.1"
            },
            "time": "2021-09-14T05:19:26+00:00"
        }
    ],
    "packages-dev": [],
    "aliases": [],
    "minimum-stability": "stable",
    "stability-flags": [],
    "prefer-stable": false,
    "prefer-lowest": false,
    "platform": [],
    "platform-dev": [],
    "plugin-api-version": "2.1.0"
}
